github.com/NaNnin08/go-say-hello v1.0.0 h1:7EMttlzy7QSerPhklbGJOF5Y/0H5w3OQiDmDC9xptxU=
github.com/NaNnin08/go-say-hello v1.0.0/go.mod h1:L1qLydHvdjk+TpklSrW5tScDpZr14n4L1eachPiLVT8=
github.com/NaNnin08/go-say-hello v1.5.0 h1:Ux821Srxqd3RMyEeIBekEXQf1CsidL+oOJxVU+V9SIA=
github.com/NaNnin08/go-say-hello v1.5.0/go.mod h1:L1qLydHvdjk+TpklSrW5tScDpZr14n4L1eachPiLVT8=
github.com/NaNnin08/go-say-hello/v2 v2.0.0 h1:qd3js5JOf3k8V1Yzx3rBd0e9r5ZTMmPYJJbHomnMIGg=
github.com/NaNnin08/go-say-hello/v2 v2.0.0/go.mod h1:lp/iGTdTjpQ7WtHIJXqJiolifLeA0AEtM6kYjrUPb5k=
